// !$*UTF8*$!
{
	archiveVersion = 1;
	classes = {
	};
	objectVersion = 46;
	objects = {

/* Begin PBXBuildFile section */
		B33F68FE1AB5FBF000B77836 /* AppDelegate.swift in Sources */ = {isa = PBXBuildFile; fileRef = B33F68FD1AB5FBF000B77836 /* AppDelegate.swift */; };
		B33F69001AB5FBF000B77836 /* GameScene.swift in Sources */ = {isa = PBXBuildFile; fileRef = B33F68FF1AB5FBF000B77836 /* GameScene.swift */; };
		B33F69021AB5FBF000B77836 /* GameScene.sks in Resources */ = {isa = PBXBuildFile; fileRef = B33F69011AB5FBF000B77836 /* GameScene.sks */; };
		B33F69041AB5FBF000B77836 /* Images.xcassets in Resources */ = {isa = PBXBuildFile; fileRef = B33F69031AB5FBF000B77836 /* Images.xcassets */; };
		B33F69071AB5FBF000B77836 /* MainMenu.xib in Resources */ = {isa = PBXBuildFile; fileRef = B33F69051AB5FBF000B77836 /* MainMenu.xib */; };
		B33F69131AB5FBF000B77836 /* HelloOSXGameTests.swift in Sources */ = {isa = PBXBuildFile; fileRef = B33F69121AB5FBF000B77836 /* HelloOSXGameTests.swift */; };
/* End PBXBuildFile section */

/* Begin PBXContainerItemProxy section */
		B33F690D1AB5FBF000B77836 /* PBXContainerItemProxy */ = {
			isa = PBXContainerItemProxy;
			containerPortal = B33F68F01AB5FBF000B77836 /* Project object */;
			proxyType = 1;
			remoteGlobalIDString = B33F68F71AB5FBF000B77836;
			remoteInfo = HelloOSXGame;
		};
/* End PBXContainerItemProxy section */

/* Begin PBXFileReference section */
		B33F68F81AB5FBF000B77836 /* HelloOSXGame.app */ = {isa = PBXFileReference; explicitFileType = wrapper.application; includeInIndex = 0; path = HelloOSXGame.app; sourceTree = BUILT_PRODUCTS_DIR; };
		B33F68FC1AB5FBF000B77836 /* Info.plist */ = {isa = PBXFileReference; lastKnownFileType = text.plist.xml; path = Info.plist; sourceTree = "<group>"; };
		B33F68FD1AB5FBF000B77836 /* AppDelegate.swift */ = {isa = PBXFileReference; lastKnownFileType = sourcecode.swift; path = AppDelegate.swift; sourceTree = "<group>"; };
		B33F68FF1AB5FBF000B77836 /* GameScene.swift */ = {isa = PBXFileReference; lastKnownFileType = sourcecode.swift; path = GameScene.swift; sourceTree = "<group>"; };
		B33F69011AB5FBF000B77836 /* GameScene.sks */ = {isa = PBXFileReference; lastKnownFileType = file.sks; path = GameScene.sks; sourceTree = "<group>"; };
		B33F69031AB5FBF000B77836 /* Images.xcassets */ = {isa = PBXFileReference; lastKnownFileType = folder.assetcatalog; path = Images.xcassets; sourceTree = "<group>"; };
		B33F69061AB5FBF000B77836 /* Base */ = {isa = PBXFileReference; lastKnownFileType = file.xib; name = Base; path = Base.lproj/MainMenu.xib; sourceTree = "<group>"; };
		B33F690C1AB5FBF000B77836 /* HelloOSXGameTests.xctest */ = {isa = PBXFileReference; explicitFileType = wrapper.cfbundle; includeInIndex = 0; path = HelloOSXGameTests.xctest; sourceTree = BUILT_PRODUCTS_DIR; };
		B33F69111AB5FBF000B77836 /* Info.plist */ = {isa = PBXFileReference; lastKnownFileType = text.plist.xml; path = Info.plist; sourceTree = "<group>"; };
		B33F69121AB5FBF000B77836 /* HelloOSXGameTests.swift */ = {isa = PBXFileReference; lastKnownFileType = sourcecode.swift; path = HelloOSXGameTests.swift; sourceTree = "<group>"; };
/* End PBXFileReference section */

/* Begin PBXFrameworksBuildPhase section */
		B33F68F51AB5FBF000B77836 /* Frameworks */ = {
			isa = PBXFrameworksBuildPhase;
			buildActionMask = 2147483647;
			files = (
			);
			runOnlyForDeploymentPostprocessing = 0;
		};
		B33F69091AB5FBF000B77836 /* Frameworks */ = {
			isa = PBXFrameworksBuildPhase;
			buildActionMask = 2147483647;
			files = (
			);
			runOnlyForDeploymentPostprocessing = 0;
		};
/* End PBXFrameworksBuildPhase section */

/* Begin PBXGroup section */
		B33F68EF1AB5FBF000B77836 = {
			isa = PBXGroup;
			children = (
				B33F68FA1AB5FBF000B77836 /* HelloOSXGame */,
				B33F690F1AB5FBF000B77836 /* HelloOSXGameTests */,
				B33F68F91AB5FBF000B77836 /* Products */,
			);
			sourceTree = "<group>";
		};
		B33F68F91AB5FBF000B77836 /* Products */ = {
			isa = PBXGroup;
			children = (
				B33F68F81AB5FBF000B77836 /* HelloOSXGame.app */,
				B33F690C1AB5FBF000B77836 /* HelloOSXGameTests.xctest */,
			);
			name = Products;
			sourceTree = "<group>";
		};
		B33F68FA1AB5FBF000B77836 /* HelloOSXGame */ = {
			isa = PBXGroup;
			children = (
				B33F68FD1AB5FBF000B77836 /* AppDelegate.swift */,
				B33F68FF1AB5FBF000B77836 /* GameScene.swift */,
				B33F69011AB5FBF000B77836 /* GameScene.sks */,
				B33F69031AB5FBF000B77836 /* Images.xcassets */,
				B33F69051AB5FBF000B77836 /* MainMenu.xib */,
				B33F68FB1AB5FBF000B77836 /* Supporting Files */,
			);
			path = HelloOSXGame;
			sourceTree = "<group>";
		};
		B33F68FB1AB5FBF000B77836 /* Supporting Files */ = {
			isa = PBXGroup;
			children = (
				B33F68FC1AB5FBF000B77836 /* Info.plist */,
			);
			name = "Supporting Files";
			sourceTree = "<group>";
		};
		B33F690F1AB5FBF000B77836 /* HelloOSXGameTests */ = {
			isa = PBXGroup;
			children = (
				B33F69121AB5FBF000B77836 /* HelloOSXGameTests.swift */,
				B33F69101AB5FBF000B77836 /* Supporting Files */,
			);
			path = HelloOSXGameTests;
			sourceTree = "<group>";
		};
		B33F69101AB5FBF000B77836 /* Supporting Files */ = {
			isa = PBXGroup;
			children = (
				B33F69111AB5FBF000B77836 /* Info.plist */,
			);
			name = "Supporting Files";
			sourceTree = "<group>";
		};
/* End PBXGroup section */

/* Begin PBXNativeTarget section */
		B33F68F71AB5FBF000B77836 /* HelloOSXGame */ = {
			isa = PBXNativeTarget;
			buildConfigurationList = B33F69161AB5FBF000B77836 /* Build configuration list for PBXNativeTarget "HelloOSXGame" */;
			buildPhases = (
				B33F68F41AB5FBF000B77836 /* Sources */,
				B33F68F51AB5FBF000B77836 /* Frameworks */,
				B33F68F61AB5FBF000B77836 /* Resources */,
			);
			buildRules = (
			);
			dependencies = (
			);
			name = HelloOSXGame;
			productName = HelloOSXGame;
			productReference = B33F68F81AB5FBF000B77836 /* HelloOSXGame.app */;
			productType = "com.apple.product-type.application";
		};
		B33F690B1AB5FBF000B77836 /* HelloOSXGameTests */ = {
			isa = PBXNativeTarget;
			buildConfigurationList = B33F69191AB5FBF000B77836 /* Build configuration list for PBXNativeTarget "HelloOSXGameTests" */;
			buildPhases = (
				B33F69081AB5FBF000B77836 /* Sources */,
				B33F69091AB5FBF000B77836 /* Frameworks */,
				B33F690A1AB5FBF000B77836 /* Resources */,
			);
			buildRules = (
			);
			dependencies = (
				B33F690E1AB5FBF000B77836 /* PBXTargetDependency */,
			);
			name = HelloOSXGameTests;
			productName = HelloOSXGameTests;
			productReference = B33F690C1AB5FBF000B77836 /* HelloOSXGameTests.xctest */;
			productType = "com.apple.product-type.bundle.unit-test";
		};
/* End PBXNativeTarget section */

/* Begin PBXProject section */
		B33F68F01AB5FBF000B77836 /* Project object */ = {
			isa = PBXProject;
			attributes = {
				LastUpgradeCheck = 0620;
				ORGANIZATIONNAME = eoe;
				TargetAttributes = {
					B33F68F71AB5FBF000B77836 = {
						CreatedOnToolsVersion = 6.2;
					};
					B33F690B1AB5FBF000B77836 = {
						CreatedOnToolsVersion = 6.2;
						TestTargetID = B33F68F71AB5FBF000B77836;
					};
				};
			};
			buildConfigurationList = B33F68F31AB5FBF000B77836 /* Build configuration list for PBXProject "HelloOSXGame" */;
			compatibilityVersion = "Xcode 3.2";
			developmentRegion = English;
			hasScannedForEncodings = 0;
			knownRegions = (
				en,
				Base,
			);
			mainGroup = B33F68EF1AB5FBF000B77836;
			productRefGroup = B33F68F91AB5FBF000B77836 /* Products */;
			projectDirPath = "";
			projectRoot = "";
			targets = (
				B33F68F71AB5FBF000B77836 /* HelloOSXGame */,
				B33F690B1AB5FBF000B77836 /* HelloOSXGameTests */,
			);
		};
/* End PBXProject section */

/* Begin PBXResourcesBuildPhase section */
		B33F68F61AB5FBF000B77836 /* Resources */ = {
			isa = PBXResourcesBuildPhase;
			buildActionMask = 2147483647;
			files = (
				B33F69021AB5FBF000B77836 /* GameScene.sks in Resources */,
				B33F69041AB5FBF000B77836 /* Images.xcassets in Resources */,
				B33F69071AB5FBF000B77836 /* MainMenu.xib in Resources */,
			);
			runOnlyForDeploymentPostprocessing = 0;
		};
		B33F690A1AB5FBF000B77836 /* Resources */ = {
			isa = PBXResourcesBuildPhase;
			buildActionMask = 2147483647;
			files = (
			);
			runOnlyForDeploymentPostprocessing = 0;
		};
/* End PBXResourcesBuildPhase section */

/* Begin PBXSourcesBuildPhase section */
		B33F68F41AB5FBF000B77836 /* Sources */ = {
			isa = PBXSourcesBuildPhase;
			buildActionMask = 2147483647;
			files = (
				B33F69001AB5FBF000B77836 /* GameScene.swift in Sources */,
				B33F68FE1AB5FBF000B77836 /* AppDelegate.swift in Sources */,
			);
			runOnlyForDeploymentPostprocessing = 0;
		};
		B33F69081AB5FBF000B77836 /* Sources */ = {
			isa = PBXSourcesBuildPhase;
			buildActionMask = 2147483647;
			files = (
				B33F69131AB5FBF000B77836 /* HelloOSXGameTests.swift in Sources */,
			);
			runOnlyForDeploymentPostprocessing = 0;
		};
/* End PBXSourcesBuildPhase section */

/* Begin PBXTargetDependency section */
		B33F690E1AB5FBF000B77836 /* PBXTargetDependency */ = {
			isa = PBXTargetDependency;
			target = B33F68F71AB5FBF000B77836 /* HelloOSXGame */;
			targetProxy = B33F690D1AB5FBF000B77836 /* PBXContainerItemProxy */;
		};
/* End PBXTargetDependency section */

/* Begin PBXVariantGroup section */
		B33F69051AB5FBF000B77836 /* MainMenu.xib */ = {
			isa = PBXVariantGroup;
			children = (
				B33F69061AB5FBF000B77836 /* Base */,
			);
			name = MainMenu.xib;
			sourceTree = "<group>";
		};
/* End PBXVariantGroup section */

/* Begin XCBuildConfiguration section */
		B33F69141AB5FBF000B77836 /* Debug */ = {
			isa = XCBuildConfiguration;
			buildSettings = {
				ALWAYS_SEARCH_USER_PATHS = NO;
				CLANG_CXX_LANGUAGE_STANDARD = "gnu++0x";
				CLANG_CXX_LIBRARY = "libc++";
				CLANG_ENABLE_MODULES = YES;
				CLANG_ENABLE_OBJC_ARC = YES;
				CLANG_WARN_BOOL_CONVERSION = YES;
				CLANG_WARN_CONSTANT_CONVERSION = YES;
				CLANG_WARN_DIRECT_OBJC_ISA_USAGE = YES_ERROR;
				CLANG_WARN_EMPTY_BODY = YES;
				CLANG_WARN_ENUM_CONVERSION = YES;
				CLANG_WARN_INT_CONVERSION = YES;
				CLANG_WARN_OBJC_ROOT_CLASS = YES_ERROR;
				CLANG_WARN_UNREACHABLE_CODE = YES;
				CLANG_WARN__DUPLICATE_METHOD_MATCH = YES;
				CODE_SIGN_IDENTITY = "-";
				COPY_PHASE_STRIP = NO;
				ENABLE_STRICT_OBJC_MSGSEND = YES;
				GCC_C_LANGUAGE_STANDARD = gnu99;
				GCC_DYNAMIC_NO_PIC = NO;
				GCC_OPTIMIZATION_LEVEL = 0;
				GCC_PREPROCESSOR_DEFINITIONS = (
					"DEBUG=1",
					"$(inherited)",
				);
				GCC_SYMBOLS_PRIVATE_EXTERN = NO;
				GCC_WARN_64_TO_32_BIT_CONVERSION = YES;
				GCC_WARN_ABOUT_RETURN_TYPE = YES_ERROR;
				GCC_WARN_UNDECLARED_SELECTOR = YES;
				GCC_WARN_UNINITIALIZED_AUTOS = YES_AGGRESSIVE;
				GCC_WARN_UNUSED_FUNCTION = YES;
				GCC_WARN_UNUSED_VARIABLE = YES;
				MACOSX_DEPLOYMENT_TARGET = 10.10;
				MTL_ENABLE_DEBUG_INFO = YES;
				ONLY_ACTIVE_ARCH = YES;
				SDKROOT = macosx;
				SWIFT_OPTIMIZATION_LEVEL = "-Onone";
			};
			name = Debug;
		};
		B33F69151AB5FBF000B77836 /* Release */ = {
			isa = XCBuildConfiguration;
			buildSettings = {
				ALWAYS_SEARCH_USER_PATHS = NO;
				CLANG_CXX_LANGUAGE_STANDARD = "gnu++0x";
				CLANG_CXX_LIBRARY = "libc++";
				CLANG_ENABLE_MODULES = YES;
				CLANG_ENABLE_OBJC_ARC = YES;
				CLANG_WARN_BOOL_CONVERSION = YES;
				CLANG_WARN_CONSTANT_CONVERSION = YES;
				CLANG_WARN_DIRECT_OBJC_ISA_USAGE = YES_ERROR;
				CLANG_WARN_EMPTY_BODY = YES;
				CLANG_WARN_ENUM_CONVERSION = YES;
				CLANG_WARN_INT_CONVERSION = YES;
				CLANG_WARN_OBJC_ROOT_CLASS = YES_ERROR;
				CLANG_WARN_UNREACHABLE_CODE = YES;
				CLANG_WARN__DUPLICATE_METHOD_MATCH = YES;
				CODE_SIGN_IDENTITY = "-";
				COPY_PHASE_STRIP = NO;
				DEBUG_INFORMATION_FORMAT = "dwarf-with-dsym";
				ENABLE_NS_ASSERTIONS = NO;
				ENABLE_STRICT_OBJC_MSGSEND = YES;
				GCC_C_LANGUAGE_STANDARD = gnu99;
				GCC_WARN_64_TO_32_BIT_CONVERSION = YES;
				GCC_WARN_ABOUT_RETURN_TYPE = YES_ERROR;
				GCC_WARN_UNDECLARED_SELECTOR = YES;
				GCC_WARN_UNINITIALIZED_AUTOS = YES_AGGRESSIVE;
				GCC_WARN_UNUSED_FUNCTION = YES;
				GCC_WARN_UNUSED_VARIABLE = YES;
				MACOSX_DEPLOYMENT_TARGET = 10.10;
				MTL_ENABLE_DEBUG_INFO = NO;
				SDKROOT = macosx;
			};
			name = Release;
		};
		B33F69171AB5FBF000B77836 /* Debug */ = {
			isa = XCBuildConfiguration;
			buildSettings = {
				ASSETCATALOG_COMPILER_APPICON_NAME = AppIcon;
				COMBINE_HIDPI_IMAGES = YES;
				INFOPLIST_FILE = HelloOSXGame/Info.plist;
				LD_RUNPATH_SEARCH_PATHS = "$(inherited) @executable_path/../Frameworks";
				PRODUCT_NAME = "$(TARGET_NAME)";
			};
			name = Debug;
		};
		B33F69181AB5FBF000B77836 /* Release */ = {
			isa = XCBuildConfiguration;
			buildSettings = {
				ASSETCATALOG_COMPILER_APPICON_NAME = AppIcon;
				COMBINE_HIDPI_IMAGES = YES;
				INFOPLIST_FILE = HelloOSXGame/Info.plist;
				LD_RUNPATH_SEARCH_PATHS = "$(inherited) @executable_path/../Frameworks";
				PRODUCT_NAME = "$(TARGET_NAME)";
			};
			name = Release;
		};
		B33F691A1AB5FBF000B77836 /* Debug */ = {
			isa = XCBuildConfiguration;
			buildSettings = {
				BUNDLE_LOADER = "$(TEST_HOST)";
				COMBINE_HIDPI_IMAGES = YES;
				FRAMEWORK_SEARCH_PATHS = (
					"$(DEVELOPER_FRAMEWORKS_DIR)",
					"$(inherited)",
				);
				GCC_PREPROCESSOR_DEFINITIONS = (
					"DEBUG=1",
					"$(inherited)",
				);
				INFOPLIST_FILE = HelloOSXGameTests/Info.plist;
				LD_RUNPATH_SEARCH_PATHS = "$(inherited) @executable_path/../Frameworks @loader_path/../Frameworks";
				PRODUCT_NAME = "$(TARGET_NAME)";
				TEST_HOST = "$(BUILT_PRODUCTS_DIR)/HelloOSXGame.app/Contents/MacOS/HelloOSXGame";
			};
			name = Debug;
		};
		B33F691B1AB5FBF000B77836 /* Release */ = {
			isa = XCBuildConfiguration;
			buildSettings = {
				BUNDLE_LOADER = "$(TEST_HOST)";
				COMBINE_HIDPI_IMAGES = YES;
				FRAMEWORK_SEARCH_PATHS = (
					"$(DEVELOPER_FRAMEWORKS_DIR)",
					"$(inherited)",
				);
				INFOPLIST_FILE = HelloOSXGameTests/Info.plist;
				LD_RUNPATH_SEARCH_PATHS = "$(inherited) @executable_path/../Frameworks @loader_path/../Frameworks";
				PRODUCT_NAME = "$(TARGET_NAME)";
				TEST_HOST = "$(BUILT_PRODUCTS_DIR)/HelloOSXGame.app/Contents/MacOS/HelloOSXGame";
			};
			name = Release;
		};
/* End XCBuildConfiguration section */

/* Begin XCConfigurationList section */
		B33F68F31AB5FBF000B77836 /* Build configuration list for PBXProject "HelloOSXGame" */ = {
			isa = XCConfigurationList;
			buildConfigurations = (
				B33F69141AB5FBF000B77836 /* Debug */,
				B33F69151AB5FBF000B77836 /* Release */,
			);
			defaultConfigurationIsVisible = 0;
			defaultConfigurationName = Release;
		};
		B33F69161AB5FBF000B77836 /* Build configuration list for PBXNativeTarget "HelloOSXGame" */ = {
			isa = XCConfigurationList;
			buildConfigurations = (
				B33F69171AB5FBF000B77836 /* Debug */,
				B33F69181AB5FBF000B77836 /* Release */,
			);
			defaultConfigurationIsVisible = 0;
		};
		B33F69191AB5FBF000B77836 /* Build configuration list for PBXNativeTarget "HelloOSXGameTests" */ = {
			isa = XCConfigurationList;
			buildConfigurations = (
				B33F691A1AB5FBF000B77836 /* Debug */,
				B33F691B1AB5FBF000B77836 /* Release */,
			);
			defaultConfigurationIsVisible = 0;
		};
/* End XCConfigurationList section */
	};
	rootObject = B33F68F01AB5FBF000B77836 /* Project object */;
}
