// !$*UTF8*$!
{
	archiveVersion = 1;
	classes = {
	};
	objectVersion = 46;
	objects = {

/* Begin PBXBuildFile section */
		B39B4C021AB86CC7001A96FB /* main.swift in Sources */ = {isa = PBXBuildFile; fileRef = B39B4C011AB86CC7001A96FB /* main.swift */; };
		B39B4C091AB86E03001A96FB /* jkxyns.swift in Sources */ = {isa = PBXBuildFile; fileRef = B39B4C081AB86E03001A96FB /* jkxyns.swift */; };
		B39B4C0B1AB86E83001A96FB /* Hello.swift in Sources */ = {isa = PBXBuildFile; fileRef = B39B4C0A1AB86E83001A96FB /* Hello.swift */; };
		B39B4C0D1AB86EDF001A96FB /* Hi.swift in Sources */ = {isa = PBXBuildFile; fileRef = B39B4C0C1AB86EDF001A96FB /* Hi.swift */; };
/* End PBXBuildFile section */

/* Begin PBXCopyFilesBuildPhase section */
		B39B4BFC1AB86CC7001A96FB /* CopyFiles */ = {
			isa = PBXCopyFilesBuildPhase;
			buildActionMask = 2147483647;
			dstPath = /usr/share/man/man1/;
			dstSubfolderSpec = 0;
			files = (
			);
			runOnlyForDeploymentPostprocessing = 1;
		};
/* End PBXCopyFilesBuildPhase section */

/* Begin PBXFileReference section */
		B39B4BFE1AB86CC7001A96FB /* L06NameSpace */ = {isa = PBXFileReference; explicitFileType = "compiled.mach-o.executable"; includeInIndex = 0; path = L06NameSpace; sourceTree = BUILT_PRODUCTS_DIR; };
		B39B4C011AB86CC7001A96FB /* main.swift */ = {isa = PBXFileReference; lastKnownFileType = sourcecode.swift; path = main.swift; sourceTree = "<group>"; };
		B39B4C081AB86E03001A96FB /* jkxyns.swift */ = {isa = PBXFileReference; fileEncoding = 4; lastKnownFileType = sourcecode.swift; path = jkxyns.swift; sourceTree = "<group>"; };
		B39B4C0A1AB86E83001A96FB /* Hello.swift */ = {isa = PBXFileReference; fileEncoding = 4; lastKnownFileType = sourcecode.swift; path = Hello.swift; sourceTree = "<group>"; };
		B39B4C0C1AB86EDF001A96FB /* Hi.swift */ = {isa = PBXFileReference; fileEncoding = 4; lastKnownFileType = sourcecode.swift; path = Hi.swift; sourceTree = "<group>"; };
/* End PBXFileReference section */

/* Begin PBXFrameworksBuildPhase section */
		B39B4BFB1AB86CC7001A96FB /* Frameworks */ = {
			isa = PBXFrameworksBuildPhase;
			buildActionMask = 2147483647;
			files = (
			);
			runOnlyForDeploymentPostprocessing = 0;
		};
/* End PBXFrameworksBuildPhase section */

/* Begin PBXGroup section */
		B39B4BF51AB86CC7001A96FB = {
			isa = PBXGroup;
			children = (
				B39B4C001AB86CC7001A96FB /* L06NameSpace */,
				B39B4BFF1AB86CC7001A96FB /* Products */,
			);
			sourceTree = "<group>";
		};
		B39B4BFF1AB86CC7001A96FB /* Products */ = {
			isa = PBXGroup;
			children = (
				B39B4BFE1AB86CC7001A96FB /* L06NameSpace */,
			);
			name = Products;
			sourceTree = "<group>";
		};
		B39B4C001AB86CC7001A96FB /* L06NameSpace */ = {
			isa = PBXGroup;
			children = (
				B39B4C0E1AB86F12001A96FB /* com.jikexueyuan */,
				B39B4C011AB86CC7001A96FB /* main.swift */,
			);
			path = L06NameSpace;
			sourceTree = "<group>";
		};
		B39B4C0E1AB86F12001A96FB /* com.jikexueyuan */ = {
			isa = PBXGroup;
			children = (
				B39B4C081AB86E03001A96FB /* jkxyns.swift */,
				B39B4C0A1AB86E83001A96FB /* Hello.swift */,
				B39B4C0C1AB86EDF001A96FB /* Hi.swift */,
			);
			name = com.jikexueyuan;
			sourceTree = "<group>";
		};
/* End PBXGroup section */

/* Begin PBXNativeTarget section */
		B39B4BFD1AB86CC7001A96FB /* L06NameSpace */ = {
			isa = PBXNativeTarget;
			buildConfigurationList = B39B4C051AB86CC7001A96FB /* Build configuration list for PBXNativeTarget "L06NameSpace" */;
			buildPhases = (
				B39B4BFA1AB86CC7001A96FB /* Sources */,
				B39B4BFB1AB86CC7001A96FB /* Frameworks */,
				B39B4BFC1AB86CC7001A96FB /* CopyFiles */,
			);
			buildRules = (
			);
			dependencies = (
			);
			name = L06NameSpace;
			productName = L06NameSpace;
			productReference = B39B4BFE1AB86CC7001A96FB /* L06NameSpace */;
			productType = "com.apple.product-type.tool";
		};
/* End PBXNativeTarget section */

/* Begin PBXProject section */
		B39B4BF61AB86CC7001A96FB /* Project object */ = {
			isa = PBXProject;
			attributes = {
				LastUpgradeCheck = 0620;
				ORGANIZATIONNAME = eoe;
				TargetAttributes = {
					B39B4BFD1AB86CC7001A96FB = {
						CreatedOnToolsVersion = 6.2;
					};
				};
			};
			buildConfigurationList = B39B4BF91AB86CC7001A96FB /* Build configuration list for PBXProject "L06NameSpace" */;
			compatibilityVersion = "Xcode 3.2";
			developmentRegion = English;
			hasScannedForEncodings = 0;
			knownRegions = (
				en,
			);
			mainGroup = B39B4BF51AB86CC7001A96FB;
			productRefGroup = B39B4BFF1AB86CC7001A96FB /* Products */;
			projectDirPath = "";
			projectRoot = "";
			targets = (
				B39B4BFD1AB86CC7001A96FB /* L06NameSpace */,
			);
		};
/* End PBXProject section */

/* Begin PBXSourcesBuildPhase section */
		B39B4BFA1AB86CC7001A96FB /* Sources */ = {
			isa = PBXSourcesBuildPhase;
			buildActionMask = 2147483647;
			files = (
				B39B4C0D1AB86EDF001A96FB /* Hi.swift in Sources */,
				B39B4C091AB86E03001A96FB /* jkxyns.swift in Sources */,
				B39B4C0B1AB86E83001A96FB /* Hello.swift in Sources */,
				B39B4C021AB86CC7001A96FB /* main.swift in Sources */,
			);
			runOnlyForDeploymentPostprocessing = 0;
		};
/* End PBXSourcesBuildPhase section */

/* Begin XCBuildConfiguration section */
		B39B4C031AB86CC7001A96FB /* Debug */ = {
			isa = XCBuildConfiguration;
			buildSettings = {
				ALWAYS_SEARCH_USER_PATHS = NO;
				CLANG_CXX_LANGUAGE_STANDARD = "gnu++0x";
				CLANG_CXX_LIBRARY = "libc++";
				CLANG_ENABLE_MODULES = YES;
				CLANG_ENABLE_OBJC_ARC = YES;
				CLANG_WARN_BOOL_CONVERSION = YES;
				CLANG_WARN_CONSTANT_CONVERSION = YES;
				CLANG_WARN_DIRECT_OBJC_ISA_USAGE = YES_ERROR;
				CLANG_WARN_EMPTY_BODY = YES;
				CLANG_WARN_ENUM_CONVERSION = YES;
				CLANG_WARN_INT_CONVERSION = YES;
				CLANG_WARN_OBJC_ROOT_CLASS = YES_ERROR;
				CLANG_WARN_UNREACHABLE_CODE = YES;
				CLANG_WARN__DUPLICATE_METHOD_MATCH = YES;
				COPY_PHASE_STRIP = NO;
				ENABLE_STRICT_OBJC_MSGSEND = YES;
				GCC_C_LANGUAGE_STANDARD = gnu99;
				GCC_DYNAMIC_NO_PIC = NO;
				GCC_OPTIMIZATION_LEVEL = 0;
				GCC_PREPROCESSOR_DEFINITIONS = (
					"DEBUG=1",
					"$(inherited)",
				);
				GCC_SYMBOLS_PRIVATE_EXTERN = NO;
				GCC_WARN_64_TO_32_BIT_CONVERSION = YES;
				GCC_WARN_ABOUT_RETURN_TYPE = YES_ERROR;
				GCC_WARN_UNDECLARED_SELECTOR = YES;
				GCC_WARN_UNINITIALIZED_AUTOS = YES_AGGRESSIVE;
				GCC_WARN_UNUSED_FUNCTION = YES;
				GCC_WARN_UNUSED_VARIABLE = YES;
				MACOSX_DEPLOYMENT_TARGET = 10.10;
				MTL_ENABLE_DEBUG_INFO = YES;
				ONLY_ACTIVE_ARCH = YES;
				SDKROOT = macosx;
				SWIFT_OPTIMIZATION_LEVEL = "-Onone";
			};
			name = Debug;
		};
		B39B4C041AB86CC7001A96FB /* Release */ = {
			isa = XCBuildConfiguration;
			buildSettings = {
				ALWAYS_SEARCH_USER_PATHS = NO;
				CLANG_CXX_LANGUAGE_STANDARD = "gnu++0x";
				CLANG_CXX_LIBRARY = "libc++";
				CLANG_ENABLE_MODULES = YES;
				CLANG_ENABLE_OBJC_ARC = YES;
				CLANG_WARN_BOOL_CONVERSION = YES;
				CLANG_WARN_CONSTANT_CONVERSION = YES;
				CLANG_WARN_DIRECT_OBJC_ISA_USAGE = YES_ERROR;
				CLANG_WARN_EMPTY_BODY = YES;
				CLANG_WARN_ENUM_CONVERSION = YES;
				CLANG_WARN_INT_CONVERSION = YES;
				CLANG_WARN_OBJC_ROOT_CLASS = YES_ERROR;
				CLANG_WARN_UNREACHABLE_CODE = YES;
				CLANG_WARN__DUPLICATE_METHOD_MATCH = YES;
				COPY_PHASE_STRIP = NO;
				DEBUG_INFORMATION_FORMAT = "dwarf-with-dsym";
				ENABLE_NS_ASSERTIONS = NO;
				ENABLE_STRICT_OBJC_MSGSEND = YES;
				GCC_C_LANGUAGE_STANDARD = gnu99;
				GCC_WARN_64_TO_32_BIT_CONVERSION = YES;
				GCC_WARN_ABOUT_RETURN_TYPE = YES_ERROR;
				GCC_WARN_UNDECLARED_SELECTOR = YES;
				GCC_WARN_UNINITIALIZED_AUTOS = YES_AGGRESSIVE;
				GCC_WARN_UNUSED_FUNCTION = YES;
				GCC_WARN_UNUSED_VARIABLE = YES;
				MACOSX_DEPLOYMENT_TARGET = 10.10;
				MTL_ENABLE_DEBUG_INFO = NO;
				SDKROOT = macosx;
			};
			name = Release;
		};
		B39B4C061AB86CC7001A96FB /* Debug */ = {
			isa = XCBuildConfiguration;
			buildSettings = {
				PRODUCT_NAME = "$(TARGET_NAME)";
			};
			name = Debug;
		};
		B39B4C071AB86CC7001A96FB /* Release */ = {
			isa = XCBuildConfiguration;
			buildSettings = {
				PRODUCT_NAME = "$(TARGET_NAME)";
			};
			name = Release;
		};
/* End XCBuildConfiguration section */

/* Begin XCConfigurationList section */
		B39B4BF91AB86CC7001A96FB /* Build configuration list for PBXProject "L06NameSpace" */ = {
			isa = XCConfigurationList;
			buildConfigurations = (
				B39B4C031AB86CC7001A96FB /* Debug */,
				B39B4C041AB86CC7001A96FB /* Release */,
			);
			defaultConfigurationIsVisible = 0;
			defaultConfigurationName = Release;
		};
		B39B4C051AB86CC7001A96FB /* Build configuration list for PBXNativeTarget "L06NameSpace" */ = {
			isa = XCConfigurationList;
			buildConfigurations = (
				B39B4C061AB86CC7001A96FB /* Debug */,
				B39B4C071AB86CC7001A96FB /* Release */,
			);
			defaultConfigurationIsVisible = 0;
		};
/* End XCConfigurationList section */
	};
	rootObject = B39B4BF61AB86CC7001A96FB /* Project object */;
}
